<Solution>
  <Project Path="BetterHierarchy.csproj" />
  <Project Path="AYellowpaper.SerializedCollections.csproj" />
  <Project Path="Assembly-CSharp.csproj" />
  <Project Path="Assembly-CSharp-firstpass.csproj" />
  <Project Path="AYellowpaper.SerializedCollections.Editor.csproj" />
  <Project Path="BetterHierarchyDemoScripts.csproj" />
  <Project Path="Unity.PlayerPrefsEditor.Editor.csproj" />
  <Project Path="Assembly-CSharp-Editor-firstpass.csproj" />
  <Project Path="Sirenix.OdinInspector.Modules.UnityMathematics.csproj" />
  <Project Path="Unity.PlayerPrefsEditor.EditorResources.csproj" />
  <Project Path="Assembly-CSharp-Editor.csproj" />
  <Project Path="sc.utilities.screenshot.editor.csproj" />
  <Project Path="Unity.PlayerPrefsEditor.Samples.SampleScene.csproj" />
</Solution>
